{
  "originHash" : "3b7bd6d614b4e77cfab2c9187e14e328602f5698b1349d14fc8e74774d946b5b",
  "pins" : [
    {
      "identity" : "uicircularprogressring",
      "kind" : "remoteSourceControl",
      "location" : "https://github.com/luispadron/UICircularProgressRing.git",
      "state" : {
        "branch" : "master",
        "revision" : "5b00b9b42b0a7db6f8239d526d7251eef9a63dcd"
      }
    }
  ],
  "version" : 3
}
